
Microsoft Visual Studio Solution File, Format Version 12.00
# Visual Studio 15
VisualStudioVersion = 15.0.28307.136
MinimumVisualStudioVersion = 10.0.40219.1
Project("{FAE04EC0-301F-11D3-BF4B-00C04F79EFBC}") = "StajSistemiUygulamasi", "StajSistemiUygulamasi\StajSistemiUygulamasi.csproj", "{46AD2880-5084-4460-AE98-2B1ACC8FA3A5}"
EndProject
Global
	GlobalSection(SolutionConfigurationPlatforms) = preSolution
		Debug|Any CPU = Debug|Any CPU
		Release|Any CPU = Release|Any CPU
	EndGlobalSection
	GlobalSection(ProjectConfigurationPlatforms) = postSolution
		{46AD2880-5084-4460-AE98-2B1ACC8FA3A5}.Debug|Any CPU.ActiveCfg = Debug|Any CPU
		{46AD2880-5084-4460-AE98-2B1ACC8FA3A5}.Debug|Any CPU.Build.0 = Debug|Any CPU
		{46AD2880-5084-4460-AE98-2B1ACC8FA3A5}.Release|Any CPU.ActiveCfg = Release|Any CPU
		{46AD2880-5084-4460-AE98-2B1ACC8FA3A5}.Release|Any CPU.Build.0 = Release|Any CPU
	EndGlobalSection
	GlobalSection(SolutionProperties) = preSolution
		HideSolutionNode = FALSE
	EndGlobalSection
	GlobalSection(ExtensibilityGlobals) = postSolution
		SolutionGuid = {87D39208-2F03-4E6F-8D2B-143BC385AC6D}
	EndGlobalSection
EndGlobal
